
Microsoft Visual Studio Solution File, Format Version 12.00
# Visual Studio 15
Project("{FAE04EC0-301F-11D3-BF4B-00C04F79EFBC}") = "PhotonChat", "PhotonChat.csproj", "{37B41709-D204-7E10-EB9E-F3BD1ED8D40C}"
EndProject
Project("{FAE04EC0-301F-11D3-BF4B-00C04F79EFBC}") = "PhotonUnityNetworking.Demos", "PhotonUnityNetworking.Demos.csproj", "{D16AA879-EEB8-DDC5-8B8A-0CF1D0478FBC}"
EndProject
Project("{FAE04EC0-301F-11D3-BF4B-00C04F79EFBC}") = "Assembly-CSharp", "Assembly-CSharp.csproj", "{69DA5CDF-A299-1194-587F-FE8A1F914CBE}"
EndProject
Project("{FAE04EC0-301F-11D3-BF4B-00C04F79EFBC}") = "PhotonRealtime", "PhotonRealtime.csproj", "{C7936975-9384-877F-1D88-DD10501FA4C3}"
EndProject
Project("{FAE04EC0-301F-11D3-BF4B-00C04F79EFBC}") = "PhotonUnityNetworking.Editor", "PhotonUnityNetworking.Editor.csproj", "{53E43670-9E2E-F208-A5A4-63CC48F09025}"
EndProject
Project("{FAE04EC0-301F-11D3-BF4B-00C04F79EFBC}") = "PhotonUnityNetworking", "PhotonUnityNetworking.csproj", "{B07AFC19-1574-C19D-C7CE-8C90860CB969}"
EndProject
Project("{FAE04EC0-301F-11D3-BF4B-00C04F79EFBC}") = "PhotonUnityNetworking.Utilities.PhotonPlayer.Editor", "PhotonUnityNetworking.Utilities.PhotonPlayer.Editor.csproj", "{8C60FF6C-10D0-3F5F-D862-FD30076A24F8}"
EndProject
Project("{FAE04EC0-301F-11D3-BF4B-00C04F79EFBC}") = "PhotonUnityNetworking.Utilities", "PhotonUnityNetworking.Utilities.csproj", "{63AD2A42-B5ED-6D84-2054-F0064C05A6B4}"
EndProject
Project("{FAE04EC0-301F-11D3-BF4B-00C04F79EFBC}") = "PunDemos.DemoSlotcarEditor", "PunDemos.DemoSlotcarEditor.csproj", "{A77AE32D-BA00-4535-BA9E-E3484584F5B3}"
EndProject
Project("{FAE04EC0-301F-11D3-BF4B-00C04F79EFBC}") = "PhotonUnityNetworking.Utilities.Culling.Editor", "PhotonUnityNetworking.Utilities.Culling.Editor.csproj", "{43097727-C35E-0B5A-5CA6-21207F81C176}"
EndProject
Project("{FAE04EC0-301F-11D3-BF4B-00C04F79EFBC}") = "PunDemos.DemoHubEditor", "PunDemos.DemoHubEditor.csproj", "{D9A65453-78A8-6D3E-A7D2-202CA6E6DB0D}"
EndProject
Project("{FAE04EC0-301F-11D3-BF4B-00C04F79EFBC}") = "Assembly-CSharp-Editor", "Assembly-CSharp-Editor.csproj", "{F516DC40-B9F0-E037-C3E4-059F0717849F}"
EndProject
Global
	GlobalSection(SolutionConfigurationPlatforms) = preSolution
		Debug|Any CPU = Debug|Any CPU
		Release|Any CPU = Release|Any CPU
	EndGlobalSection
	GlobalSection(ProjectConfigurationPlatforms) = postSolution
		{37B41709-D204-7E10-EB9E-F3BD1ED8D40C}.Debug|Any CPU.ActiveCfg = Debug|Any CPU
		{37B41709-D204-7E10-EB9E-F3BD1ED8D40C}.Debug|Any CPU.Build.0 = Debug|Any CPU
		{37B41709-D204-7E10-EB9E-F3BD1ED8D40C}.Release|Any CPU.ActiveCfg = Release|Any CPU
		{37B41709-D204-7E10-EB9E-F3BD1ED8D40C}.Release|Any CPU.Build.0 = Release|Any CPU
		{D16AA879-EEB8-DDC5-8B8A-0CF1D0478FBC}.Debug|Any CPU.ActiveCfg = Debug|Any CPU
		{D16AA879-EEB8-DDC5-8B8A-0CF1D0478FBC}.Debug|Any CPU.Build.0 = Debug|Any CPU
		{D16AA879-EEB8-DDC5-8B8A-0CF1D0478FBC}.Release|Any CPU.ActiveCfg = Release|Any CPU
		{D16AA879-EEB8-DDC5-8B8A-0CF1D0478FBC}.Release|Any CPU.Build.0 = Release|Any CPU
		{69DA5CDF-A299-1194-587F-FE8A1F914CBE}.Debug|Any CPU.ActiveCfg = Debug|Any CPU
		{69DA5CDF-A299-1194-587F-FE8A1F914CBE}.Debug|Any CPU.Build.0 = Debug|Any CPU
		{69DA5CDF-A299-1194-587F-FE8A1F914CBE}.Release|Any CPU.ActiveCfg = Release|Any CPU
		{69DA5CDF-A299-1194-587F-FE8A1F914CBE}.Release|Any CPU.Build.0 = Release|Any CPU
		{C7936975-9384-877F-1D88-DD10501FA4C3}.Debug|Any CPU.ActiveCfg = Debug|Any CPU
		{C7936975-9384-877F-1D88-DD10501FA4C3}.Debug|Any CPU.Build.0 = Debug|Any CPU
		{C7936975-9384-877F-1D88-DD10501FA4C3}.Release|Any CPU.ActiveCfg = Release|Any CPU
		{C7936975-9384-877F-1D88-DD10501FA4C3}.Release|Any CPU.Build.0 = Release|Any CPU
		{53E43670-9E2E-F208-A5A4-63CC48F09025}.Debug|Any CPU.ActiveCfg = Debug|Any CPU
		{53E43670-9E2E-F208-A5A4-63CC48F09025}.Debug|Any CPU.Build.0 = Debug|Any CPU
		{53E43670-9E2E-F208-A5A4-63CC48F09025}.Release|Any CPU.ActiveCfg = Release|Any CPU
		{53E43670-9E2E-F208-A5A4-63CC48F09025}.Release|Any CPU.Build.0 = Release|Any CPU
		{B07AFC19-1574-C19D-C7CE-8C90860CB969}.Debug|Any CPU.ActiveCfg = Debug|Any CPU
		{B07AFC19-1574-C19D-C7CE-8C90860CB969}.Debug|Any CPU.Build.0 = Debug|Any CPU
		{B07AFC19-1574-C19D-C7CE-8C90860CB969}.Release|Any CPU.ActiveCfg = Release|Any CPU
		{B07AFC19-1574-C19D-C7CE-8C90860CB969}.Release|Any CPU.Build.0 = Release|Any CPU
		{8C60FF6C-10D0-3F5F-D862-FD30076A24F8}.Debug|Any CPU.ActiveCfg = Debug|Any CPU
		{8C60FF6C-10D0-3F5F-D862-FD30076A24F8}.Debug|Any CPU.Build.0 = Debug|Any CPU
		{8C60FF6C-10D0-3F5F-D862-FD30076A24F8}.Release|Any CPU.ActiveCfg = Release|Any CPU
		{8C60FF6C-10D0-3F5F-D862-FD30076A24F8}.Release|Any CPU.Build.0 = Release|Any CPU
		{63AD2A42-B5ED-6D84-2054-F0064C05A6B4}.Debug|Any CPU.ActiveCfg = Debug|Any CPU
		{63AD2A42-B5ED-6D84-2054-F0064C05A6B4}.Debug|Any CPU.Build.0 = Debug|Any CPU
		{63AD2A42-B5ED-6D84-2054-F0064C05A6B4}.Release|Any CPU.ActiveCfg = Release|Any CPU
		{63AD2A42-B5ED-6D84-2054-F0064C05A6B4}.Release|Any CPU.Build.0 = Release|Any CPU
		{A77AE32D-BA00-4535-BA9E-E3484584F5B3}.Debug|Any CPU.ActiveCfg = Debug|Any CPU
		{A77AE32D-BA00-4535-BA9E-E3484584F5B3}.Debug|Any CPU.Build.0 = Debug|Any CPU
		{A77AE32D-BA00-4535-BA9E-E3484584F5B3}.Release|Any CPU.ActiveCfg = Release|Any CPU
		{A77AE32D-BA00-4535-BA9E-E3484584F5B3}.Release|Any CPU.Build.0 = Release|Any CPU
		{43097727-C35E-0B5A-5CA6-21207F81C176}.Debug|Any CPU.ActiveCfg = Debug|Any CPU
		{43097727-C35E-0B5A-5CA6-21207F81C176}.Debug|Any CPU.Build.0 = Debug|Any CPU
		{43097727-C35E-0B5A-5CA6-21207F81C176}.Release|Any CPU.ActiveCfg = Release|Any CPU
		{43097727-C35E-0B5A-5CA6-21207F81C176}.Release|Any CPU.Build.0 = Release|Any CPU
		{D9A65453-78A8-6D3E-A7D2-202CA6E6DB0D}.Debug|Any CPU.ActiveCfg = Debug|Any CPU
		{D9A65453-78A8-6D3E-A7D2-202CA6E6DB0D}.Debug|Any CPU.Build.0 = Debug|Any CPU
		{D9A65453-78A8-6D3E-A7D2-202CA6E6DB0D}.Release|Any CPU.ActiveCfg = Release|Any CPU
		{D9A65453-78A8-6D3E-A7D2-202CA6E6DB0D}.Release|Any CPU.Build.0 = Release|Any CPU
		{F516DC40-B9F0-E037-C3E4-059F0717849F}.Debug|Any CPU.ActiveCfg = Debug|Any CPU
		{F516DC40-B9F0-E037-C3E4-059F0717849F}.Debug|Any CPU.Build.0 = Debug|Any CPU
		{F516DC40-B9F0-E037-C3E4-059F0717849F}.Release|Any CPU.ActiveCfg = Release|Any CPU
		{F516DC40-B9F0-E037-C3E4-059F0717849F}.Release|Any CPU.Build.0 = Release|Any CPU
	EndGlobalSection
	GlobalSection(SolutionProperties) = preSolution
		HideSolutionNode = FALSE
	EndGlobalSection
EndGlobal
